
Microsoft Visual Studio Solution File, Format Version 12.00
# Visual Studio Version 17
VisualStudioVersion = 17.5.002.0
MinimumVisualStudioVersion = 10.0.40219.1
Project("{9A19103F-16F7-4668-BE54-9A1E7A4F7556}") = "PizzaStore", "PizzaStore.csproj", "{BE8B2FED-0051-4942-82FE-DBDB0ACE3DCA}"
EndProject
Global
	GlobalSection(SolutionConfigurationPlatforms) = preSolution
		Debug|Any CPU = Debug|Any CPU
		Release|Any CPU = Release|Any CPU
	EndGlobalSection
	GlobalSection(ProjectConfigurationPlatforms) = postSolution
		{BE8B2FED-0051-4942-82FE-DBDB0ACE3DCA}.Debug|Any CPU.ActiveCfg = Debug|Any CPU
		{BE8B2FED-0051-4942-82FE-DBDB0ACE3DCA}.Debug|Any CPU.Build.0 = Debug|Any CPU
		{BE8B2FED-0051-4942-82FE-DBDB0ACE3DCA}.Release|Any CPU.ActiveCfg = Release|Any CPU
		{BE8B2FED-0051-4942-82FE-DBDB0ACE3DCA}.Release|Any CPU.Build.0 = Release|Any CPU
	EndGlobalSection
	GlobalSection(SolutionProperties) = preSolution
		HideSolutionNode = FALSE
	EndGlobalSection
	GlobalSection(ExtensibilityGlobals) = postSolution
		SolutionGuid = {AA4EF689-368E-4115-A07F-A839A24944A1}
	EndGlobalSection
EndGlobal
